
Microsoft Visual Studio Solution File, Format Version 12.00
# Visual Studio 15
VisualStudioVersion = 15.0.27428.2043
MinimumVisualStudioVersion = 10.0.40219.1
Project("{FAE04EC0-301F-11D3-BF4B-00C04F79EFBC}") = "SSES_Program", "SSES_Program\SSES_Program.csproj", "{29507F5D-11E8-4754-849A-A758049BFBEE}"
EndProject
Project("{FAE04EC0-301F-11D3-BF4B-00C04F79EFBC}") = "DeviceAgents", "DeviceAgents\DeviceAgents.csproj", "{7E97CD59-6EB0-4C59-B436-9A92ECC6B6C6}"
EndProject
Project("{FAE04EC0-301F-11D3-BF4B-00C04F79EFBC}") = "EnergySolutions", "EnergySolutions\EnergySolutions.csproj", "{F9178BE8-E8E3-4A56-A1D7-8E846B980643}"
EndProject
Project("{FAE04EC0-301F-11D3-BF4B-00C04F79EFBC}") = "UpdateCreater", "UpdateCreater\UpdateCreater.csproj", "{0B38AED7-F99E-492A-BBD5-EBA98C194E16}"
EndProject
Project("{FAE04EC0-301F-11D3-BF4B-00C04F79EFBC}") = "ClientUpdater", "ClientUpdater\ClientUpdater.csproj", "{91825A62-676A-4ACA-95D6-5B61D71B455B}"
EndProject
Project("{FAE04EC0-301F-11D3-BF4B-00C04F79EFBC}") = "BlueTooth_Test", "BlueTooth_Test\BlueTooth_Test.csproj", "{4362231A-44EE-4AEC-9726-4789A322D23C}"
EndProject
Project("{54435603-DBB4-11D2-8724-00A0C9A8B90C}") = "GreenLock_nnv", "GreenLock_nnv\GreenLock_nnv.vdproj", "{0F18CEA5-1833-4961-B59E-98557FA6CF42}"
EndProject
Project("{54435603-DBB4-11D2-8724-00A0C9A8B90C}") = "GreenLock_nv", "GreenLock_nv\GreenLock_nv.vdproj", "{60C151DF-DC9C-446B-B55C-E42D1733EFBB}"
EndProject
Global
	GlobalSection(SolutionConfigurationPlatforms) = preSolution
		CD_ROM|Any CPU = CD_ROM|Any CPU
		CD_ROM|Mixed Platforms = CD_ROM|Mixed Platforms
		CD_ROM|x86 = CD_ROM|x86
		Debug|Any CPU = Debug|Any CPU
		Debug|Mixed Platforms = Debug|Mixed Platforms
		Debug|x86 = Debug|x86
		DVD-5|Any CPU = DVD-5|Any CPU
		DVD-5|Mixed Platforms = DVD-5|Mixed Platforms
		DVD-5|x86 = DVD-5|x86
		NNV|Any CPU = NNV|Any CPU
		NNV|Mixed Platforms = NNV|Mixed Platforms
		NNV|x86 = NNV|x86
		NV|Any CPU = NV|Any CPU
		NV|Mixed Platforms = NV|Mixed Platforms
		NV|x86 = NV|x86
		Release|Any CPU = Release|Any CPU
		Release|Mixed Platforms = Release|Mixed Platforms
		Release|x86 = Release|x86
		SingleImage|Any CPU = SingleImage|Any CPU
		SingleImage|Mixed Platforms = SingleImage|Mixed Platforms
		SingleImage|x86 = SingleImage|x86
	EndGlobalSection
	GlobalSection(ProjectConfigurationPlatforms) = postSolution
		{29507F5D-11E8-4754-849A-A758049BFBEE}.CD_ROM|Any CPU.ActiveCfg = Release|Any CPU
		{29507F5D-11E8-4754-849A-A758049BFBEE}.CD_ROM|Any CPU.Build.0 = Release|Any CPU
		{29507F5D-11E8-4754-849A-A758049BFBEE}.CD_ROM|Mixed Platforms.ActiveCfg = Release|Any CPU
		{29507F5D-11E8-4754-849A-A758049BFBEE}.CD_ROM|Mixed Platforms.Build.0 = Release|Any CPU
		{29507F5D-11E8-4754-849A-A758049BFBEE}.CD_ROM|x86.ActiveCfg = Release|Any CPU
		{29507F5D-11E8-4754-849A-A758049BFBEE}.Debug|Any CPU.ActiveCfg = Debug|Any CPU
		{29507F5D-11E8-4754-849A-A758049BFBEE}.Debug|Any CPU.Build.0 = Debug|Any CPU
		{29507F5D-11E8-4754-849A-A758049BFBEE}.Debug|Mixed Platforms.ActiveCfg = Debug|Any CPU
		{29507F5D-11E8-4754-849A-A758049BFBEE}.Debug|Mixed Platforms.Build.0 = Debug|Any CPU
		{29507F5D-11E8-4754-849A-A758049BFBEE}.Debug|x86.ActiveCfg = Debug|Any CPU
		{29507F5D-11E8-4754-849A-A758049BFBEE}.DVD-5|Any CPU.ActiveCfg = Debug|Any CPU
		{29507F5D-11E8-4754-849A-A758049BFBEE}.DVD-5|Any CPU.Build.0 = Debug|Any CPU
		{29507F5D-11E8-4754-849A-A758049BFBEE}.DVD-5|Mixed Platforms.ActiveCfg = Debug|Any CPU
		{29507F5D-11E8-4754-849A-A758049BFBEE}.DVD-5|Mixed Platforms.Build.0 = Debug|Any CPU
		{29507F5D-11E8-4754-849A-A758049BFBEE}.DVD-5|x86.ActiveCfg = Debug|Any CPU
		{29507F5D-11E8-4754-849A-A758049BFBEE}.NNV|Any CPU.ActiveCfg = NNV|Any CPU
		{29507F5D-11E8-4754-849A-A758049BFBEE}.NNV|Any CPU.Build.0 = NNV|Any CPU
		{29507F5D-11E8-4754-849A-A758049BFBEE}.NNV|Mixed Platforms.ActiveCfg = NNV|Any CPU
		{29507F5D-11E8-4754-849A-A758049BFBEE}.NNV|Mixed Platforms.Build.0 = NNV|Any CPU
		{29507F5D-11E8-4754-849A-A758049BFBEE}.NNV|x86.ActiveCfg = NNV|Any CPU
		{29507F5D-11E8-4754-849A-A758049BFBEE}.NNV|x86.Build.0 = NNV|Any CPU
		{29507F5D-11E8-4754-849A-A758049BFBEE}.NV|Any CPU.ActiveCfg = NV|Any CPU
		{29507F5D-11E8-4754-849A-A758049BFBEE}.NV|Any CPU.Build.0 = NV|Any CPU
		{29507F5D-11E8-4754-849A-A758049BFBEE}.NV|Mixed Platforms.ActiveCfg = NV|Any CPU
		{29507F5D-11E8-4754-849A-A758049BFBEE}.NV|Mixed Platforms.Build.0 = NV|Any CPU
		{29507F5D-11E8-4754-849A-A758049BFBEE}.NV|x86.ActiveCfg = NV|Any CPU
		{29507F5D-11E8-4754-849A-A758049BFBEE}.NV|x86.Build.0 = NV|Any CPU
		{29507F5D-11E8-4754-849A-A758049BFBEE}.Release|Any CPU.ActiveCfg = Release|Any CPU
		{29507F5D-11E8-4754-849A-A758049BFBEE}.Release|Any CPU.Build.0 = Release|Any CPU
		{29507F5D-11E8-4754-849A-A758049BFBEE}.Release|Mixed Platforms.ActiveCfg = Release|Any CPU
		{29507F5D-11E8-4754-849A-A758049BFBEE}.Release|Mixed Platforms.Build.0 = Release|Any CPU
		{29507F5D-11E8-4754-849A-A758049BFBEE}.Release|x86.ActiveCfg = Release|Any CPU
		{29507F5D-11E8-4754-849A-A758049BFBEE}.SingleImage|Any CPU.ActiveCfg = Release|Any CPU
		{29507F5D-11E8-4754-849A-A758049BFBEE}.SingleImage|Any CPU.Build.0 = Release|Any CPU
		{29507F5D-11E8-4754-849A-A758049BFBEE}.SingleImage|Mixed Platforms.ActiveCfg = Release|Any CPU
		{29507F5D-11E8-4754-849A-A758049BFBEE}.SingleImage|Mixed Platforms.Build.0 = Release|Any CPU
		{29507F5D-11E8-4754-849A-A758049BFBEE}.SingleImage|x86.ActiveCfg = Release|Any CPU
		{7E97CD59-6EB0-4C59-B436-9A92ECC6B6C6}.CD_ROM|Any CPU.ActiveCfg = Release|Any CPU
		{7E97CD59-6EB0-4C59-B436-9A92ECC6B6C6}.CD_ROM|Any CPU.Build.0 = Release|Any CPU
		{7E97CD59-6EB0-4C59-B436-9A92ECC6B6C6}.CD_ROM|Mixed Platforms.ActiveCfg = Release|Any CPU
		{7E97CD59-6EB0-4C59-B436-9A92ECC6B6C6}.CD_ROM|Mixed Platforms.Build.0 = Release|Any CPU
		{7E97CD59-6EB0-4C59-B436-9A92ECC6B6C6}.CD_ROM|x86.ActiveCfg = Release|Any CPU
		{7E97CD59-6EB0-4C59-B436-9A92ECC6B6C6}.Debug|Any CPU.ActiveCfg = Debug|Any CPU
		{7E97CD59-6EB0-4C59-B436-9A92ECC6B6C6}.Debug|Any CPU.Build.0 = Debug|Any CPU
		{7E97CD59-6EB0-4C59-B436-9A92ECC6B6C6}.Debug|Mixed Platforms.ActiveCfg = Debug|Any CPU
		{7E97CD59-6EB0-4C59-B436-9A92ECC6B6C6}.Debug|Mixed Platforms.Build.0 = Debug|Any CPU
		{7E97CD59-6EB0-4C59-B436-9A92ECC6B6C6}.Debug|x86.ActiveCfg = Debug|Any CPU
		{7E97CD59-6EB0-4C59-B436-9A92ECC6B6C6}.DVD-5|Any CPU.ActiveCfg = Debug|Any CPU
		{7E97CD59-6EB0-4C59-B436-9A92ECC6B6C6}.DVD-5|Any CPU.Build.0 = Debug|Any CPU
		{7E97CD59-6EB0-4C59-B436-9A92ECC6B6C6}.DVD-5|Mixed Platforms.ActiveCfg = Debug|Any CPU
		{7E97CD59-6EB0-4C59-B436-9A92ECC6B6C6}.DVD-5|Mixed Platforms.Build.0 = Debug|Any CPU
		{7E97CD59-6EB0-4C59-B436-9A92ECC6B6C6}.DVD-5|x86.ActiveCfg = Debug|Any CPU
		{7E97CD59-6EB0-4C59-B436-9A92ECC6B6C6}.NNV|Any CPU.ActiveCfg = NNV|Any CPU
		{7E97CD59-6EB0-4C59-B436-9A92ECC6B6C6}.NNV|Any CPU.Build.0 = NNV|Any CPU
		{7E97CD59-6EB0-4C59-B436-9A92ECC6B6C6}.NNV|Mixed Platforms.ActiveCfg = NNV|Any CPU
		{7E97CD59-6EB0-4C59-B436-9A92ECC6B6C6}.NNV|Mixed Platforms.Build.0 = NNV|Any CPU
		{7E97CD59-6EB0-4C59-B436-9A92ECC6B6C6}.NNV|x86.ActiveCfg = NNV|Any CPU
		{7E97CD59-6EB0-4C59-B436-9A92ECC6B6C6}.NNV|x86.Build.0 = NNV|Any CPU
		{7E97CD59-6EB0-4C59-B436-9A92ECC6B6C6}.NV|Any CPU.ActiveCfg = NV|Any CPU
		{7E97CD59-6EB0-4C59-B436-9A92ECC6B6C6}.NV|Any CPU.Build.0 = NV|Any CPU
		{7E97CD59-6EB0-4C59-B436-9A92ECC6B6C6}.NV|Mixed Platforms.ActiveCfg = NV|Any CPU
		{7E97CD59-6EB0-4C59-B436-9A92ECC6B6C6}.NV|Mixed Platforms.Build.0 = NV|Any CPU
		{7E97CD59-6EB0-4C59-B436-9A92ECC6B6C6}.NV|x86.ActiveCfg = NV|Any CPU
		{7E97CD59-6EB0-4C59-B436-9A92ECC6B6C6}.NV|x86.Build.0 = NV|Any CPU
		{7E97CD59-6EB0-4C59-B436-9A92ECC6B6C6}.Release|Any CPU.ActiveCfg = Release|Any CPU
		{7E97CD59-6EB0-4C59-B436-9A92ECC6B6C6}.Release|Any CPU.Build.0 = Release|Any CPU
		{7E97CD59-6EB0-4C59-B436-9A92ECC6B6C6}.Release|Mixed Platforms.ActiveCfg = Release|Any CPU
		{7E97CD59-6EB0-4C59-B436-9A92ECC6B6C6}.Release|Mixed Platforms.Build.0 = Release|Any CPU
		{7E97CD59-6EB0-4C59-B436-9A92ECC6B6C6}.Release|x86.ActiveCfg = Release|Any CPU
		{7E97CD59-6EB0-4C59-B436-9A92ECC6B6C6}.SingleImage|Any CPU.ActiveCfg = Release|Any CPU
		{7E97CD59-6EB0-4C59-B436-9A92ECC6B6C6}.SingleImage|Any CPU.Build.0 = Release|Any CPU
		{7E97CD59-6EB0-4C59-B436-9A92ECC6B6C6}.SingleImage|Mixed Platforms.ActiveCfg = Release|Any CPU
		{7E97CD59-6EB0-4C59-B436-9A92ECC6B6C6}.SingleImage|Mixed Platforms.Build.0 = Release|Any CPU
		{7E97CD59-6EB0-4C59-B436-9A92ECC6B6C6}.SingleImage|x86.ActiveCfg = Release|Any CPU
		{F9178BE8-E8E3-4A56-A1D7-8E846B980643}.CD_ROM|Any CPU.ActiveCfg = Release|Any CPU
		{F9178BE8-E8E3-4A56-A1D7-8E846B980643}.CD_ROM|Any CPU.Build.0 = Release|Any CPU
		{F9178BE8-E8E3-4A56-A1D7-8E846B980643}.CD_ROM|Mixed Platforms.ActiveCfg = Release|Any CPU
		{F9178BE8-E8E3-4A56-A1D7-8E846B980643}.CD_ROM|Mixed Platforms.Build.0 = Release|Any CPU
		{F9178BE8-E8E3-4A56-A1D7-8E846B980643}.CD_ROM|x86.ActiveCfg = Release|Any CPU
		{F9178BE8-E8E3-4A56-A1D7-8E846B980643}.Debug|Any CPU.ActiveCfg = Debug|Any CPU
		{F9178BE8-E8E3-4A56-A1D7-8E846B980643}.Debug|Any CPU.Build.0 = Debug|Any CPU
		{F9178BE8-E8E3-4A56-A1D7-8E846B980643}.Debug|Mixed Platforms.ActiveCfg = Debug|Any CPU
		{F9178BE8-E8E3-4A56-A1D7-8E846B980643}.Debug|Mixed Platforms.Build.0 = Debug|Any CPU
		{F9178BE8-E8E3-4A56-A1D7-8E846B980643}.Debug|x86.ActiveCfg = Debug|Any CPU
		{F9178BE8-E8E3-4A56-A1D7-8E846B980643}.DVD-5|Any CPU.ActiveCfg = Debug|Any CPU
		{F9178BE8-E8E3-4A56-A1D7-8E846B980643}.DVD-5|Any CPU.Build.0 = Debug|Any CPU
		{F9178BE8-E8E3-4A56-A1D7-8E846B980643}.DVD-5|Mixed Platforms.ActiveCfg = Debug|Any CPU
		{F9178BE8-E8E3-4A56-A1D7-8E846B980643}.DVD-5|Mixed Platforms.Build.0 = Debug|Any CPU
		{F9178BE8-E8E3-4A56-A1D7-8E846B980643}.DVD-5|x86.ActiveCfg = Debug|Any CPU
		{F9178BE8-E8E3-4A56-A1D7-8E846B980643}.NNV|Any CPU.ActiveCfg = NNV|Any CPU
		{F9178BE8-E8E3-4A56-A1D7-8E846B980643}.NNV|Any CPU.Build.0 = NNV|Any CPU
		{F9178BE8-E8E3-4A56-A1D7-8E846B980643}.NNV|Mixed Platforms.ActiveCfg = NNV|Any CPU
		{F9178BE8-E8E3-4A56-A1D7-8E846B980643}.NNV|Mixed Platforms.Build.0 = NNV|Any CPU
		{F9178BE8-E8E3-4A56-A1D7-8E846B980643}.NNV|x86.ActiveCfg = NNV|Any CPU
		{F9178BE8-E8E3-4A56-A1D7-8E846B980643}.NNV|x86.Build.0 = NNV|Any CPU
		{F9178BE8-E8E3-4A56-A1D7-8E846B980643}.NV|Any CPU.ActiveCfg = NV|Any CPU
		{F9178BE8-E8E3-4A56-A1D7-8E846B980643}.NV|Any CPU.Build.0 = NV|Any CPU
		{F9178BE8-E8E3-4A56-A1D7-8E846B980643}.NV|Mixed Platforms.ActiveCfg = NV|Any CPU
		{F9178BE8-E8E3-4A56-A1D7-8E846B980643}.NV|Mixed Platforms.Build.0 = NV|Any CPU
		{F9178BE8-E8E3-4A56-A1D7-8E846B980643}.NV|x86.ActiveCfg = NV|Any CPU
		{F9178BE8-E8E3-4A56-A1D7-8E846B980643}.NV|x86.Build.0 = NV|Any CPU
		{F9178BE8-E8E3-4A56-A1D7-8E846B980643}.Release|Any CPU.ActiveCfg = Release|Any CPU
		{F9178BE8-E8E3-4A56-A1D7-8E846B980643}.Release|Any CPU.Build.0 = Release|Any CPU
		{F9178BE8-E8E3-4A56-A1D7-8E846B980643}.Release|Mixed Platforms.ActiveCfg = Release|Any CPU
		{F9178BE8-E8E3-4A56-A1D7-8E846B980643}.Release|Mixed Platforms.Build.0 = Release|Any CPU
		{F9178BE8-E8E3-4A56-A1D7-8E846B980643}.Release|x86.ActiveCfg = Release|Any CPU
		{F9178BE8-E8E3-4A56-A1D7-8E846B980643}.SingleImage|Any CPU.ActiveCfg = Release|Any CPU
		{F9178BE8-E8E3-4A56-A1D7-8E846B980643}.SingleImage|Any CPU.Build.0 = Release|Any CPU
		{F9178BE8-E8E3-4A56-A1D7-8E846B980643}.SingleImage|Mixed Platforms.ActiveCfg = Release|Any CPU
		{F9178BE8-E8E3-4A56-A1D7-8E846B980643}.SingleImage|Mixed Platforms.Build.0 = Release|Any CPU
		{F9178BE8-E8E3-4A56-A1D7-8E846B980643}.SingleImage|x86.ActiveCfg = Release|Any CPU
		{0B38AED7-F99E-492A-BBD5-EBA98C194E16}.CD_ROM|Any CPU.ActiveCfg = Release|Any CPU
		{0B38AED7-F99E-492A-BBD5-EBA98C194E16}.CD_ROM|Any CPU.Build.0 = Release|Any CPU
		{0B38AED7-F99E-492A-BBD5-EBA98C194E16}.CD_ROM|Mixed Platforms.ActiveCfg = Release|Any CPU
		{0B38AED7-F99E-492A-BBD5-EBA98C194E16}.CD_ROM|Mixed Platforms.Build.0 = Release|Any CPU
		{0B38AED7-F99E-492A-BBD5-EBA98C194E16}.CD_ROM|x86.ActiveCfg = Release|Any CPU
		{0B38AED7-F99E-492A-BBD5-EBA98C194E16}.Debug|Any CPU.ActiveCfg = Debug|Any CPU
		{0B38AED7-F99E-492A-BBD5-EBA98C194E16}.Debug|Any CPU.Build.0 = Debug|Any CPU
		{0B38AED7-F99E-492A-BBD5-EBA98C194E16}.Debug|Mixed Platforms.ActiveCfg = Debug|Any CPU
		{0B38AED7-F99E-492A-BBD5-EBA98C194E16}.Debug|Mixed Platforms.Build.0 = Debug|Any CPU
		{0B38AED7-F99E-492A-BBD5-EBA98C194E16}.Debug|x86.ActiveCfg = Debug|Any CPU
		{0B38AED7-F99E-492A-BBD5-EBA98C194E16}.DVD-5|Any CPU.ActiveCfg = Debug|Any CPU
		{0B38AED7-F99E-492A-BBD5-EBA98C194E16}.DVD-5|Any CPU.Build.0 = Debug|Any CPU
		{0B38AED7-F99E-492A-BBD5-EBA98C194E16}.DVD-5|Mixed Platforms.ActiveCfg = Debug|Any CPU
		{0B38AED7-F99E-492A-BBD5-EBA98C194E16}.DVD-5|Mixed Platforms.Build.0 = Debug|Any CPU
		{0B38AED7-F99E-492A-BBD5-EBA98C194E16}.DVD-5|x86.ActiveCfg = Debug|Any CPU
		{0B38AED7-F99E-492A-BBD5-EBA98C194E16}.NNV|Any CPU.ActiveCfg = NNV|Any CPU
		{0B38AED7-F99E-492A-BBD5-EBA98C194E16}.NNV|Any CPU.Build.0 = NNV|Any CPU
		{0B38AED7-F99E-492A-BBD5-EBA98C194E16}.NNV|Mixed Platforms.ActiveCfg = NNV|Any CPU
		{0B38AED7-F99E-492A-BBD5-EBA98C194E16}.NNV|Mixed Platforms.Build.0 = NNV|Any CPU
		{0B38AED7-F99E-492A-BBD5-EBA98C194E16}.NNV|x86.ActiveCfg = NNV|Any CPU
		{0B38AED7-F99E-492A-BBD5-EBA98C194E16}.NNV|x86.Build.0 = NNV|Any CPU
		{0B38AED7-F99E-492A-BBD5-EBA98C194E16}.NV|Any CPU.ActiveCfg = NV|Any CPU
		{0B38AED7-F99E-492A-BBD5-EBA98C194E16}.NV|Any CPU.Build.0 = NV|Any CPU
		{0B38AED7-F99E-492A-BBD5-EBA98C194E16}.NV|Mixed Platforms.ActiveCfg = NV|Any CPU
		{0B38AED7-F99E-492A-BBD5-EBA98C194E16}.NV|Mixed Platforms.Build.0 = NV|Any CPU
		{0B38AED7-F99E-492A-BBD5-EBA98C194E16}.NV|x86.ActiveCfg = NV|Any CPU
		{0B38AED7-F99E-492A-BBD5-EBA98C194E16}.NV|x86.Build.0 = NV|Any CPU
		{0B38AED7-F99E-492A-BBD5-EBA98C194E16}.Release|Any CPU.ActiveCfg = Release|Any CPU
		{0B38AED7-F99E-492A-BBD5-EBA98C194E16}.Release|Any CPU.Build.0 = Release|Any CPU
		{0B38AED7-F99E-492A-BBD5-EBA98C194E16}.Release|Mixed Platforms.ActiveCfg = Release|Any CPU
		{0B38AED7-F99E-492A-BBD5-EBA98C194E16}.Release|Mixed Platforms.Build.0 = Release|Any CPU
		{0B38AED7-F99E-492A-BBD5-EBA98C194E16}.Release|x86.ActiveCfg = Release|Any CPU
		{0B38AED7-F99E-492A-BBD5-EBA98C194E16}.SingleImage|Any CPU.ActiveCfg = Release|Any CPU
		{0B38AED7-F99E-492A-BBD5-EBA98C194E16}.SingleImage|Any CPU.Build.0 = Release|Any CPU
		{0B38AED7-F99E-492A-BBD5-EBA98C194E16}.SingleImage|Mixed Platforms.ActiveCfg = Release|Any CPU
		{0B38AED7-F99E-492A-BBD5-EBA98C194E16}.SingleImage|Mixed Platforms.Build.0 = Release|Any CPU
		{0B38AED7-F99E-492A-BBD5-EBA98C194E16}.SingleImage|x86.ActiveCfg = Release|Any CPU
		{91825A62-676A-4ACA-95D6-5B61D71B455B}.CD_ROM|Any CPU.ActiveCfg = Release|Any CPU
		{91825A62-676A-4ACA-95D6-5B61D71B455B}.CD_ROM|Any CPU.Build.0 = Release|Any CPU
		{91825A62-676A-4ACA-95D6-5B61D71B455B}.CD_ROM|Mixed Platforms.ActiveCfg = Release|Any CPU
		{91825A62-676A-4ACA-95D6-5B61D71B455B}.CD_ROM|Mixed Platforms.Build.0 = Release|Any CPU
		{91825A62-676A-4ACA-95D6-5B61D71B455B}.CD_ROM|x86.ActiveCfg = Release|Any CPU
		{91825A62-676A-4ACA-95D6-5B61D71B455B}.Debug|Any CPU.ActiveCfg = Debug|Any CPU
		{91825A62-676A-4ACA-95D6-5B61D71B455B}.Debug|Any CPU.Build.0 = Debug|Any CPU
		{91825A62-676A-4ACA-95D6-5B61D71B455B}.Debug|Mixed Platforms.ActiveCfg = Debug|Any CPU
		{91825A62-676A-4ACA-95D6-5B61D71B455B}.Debug|Mixed Platforms.Build.0 = Debug|Any CPU
		{91825A62-676A-4ACA-95D6-5B61D71B455B}.Debug|x86.ActiveCfg = Debug|Any CPU
		{91825A62-676A-4ACA-95D6-5B61D71B455B}.DVD-5|Any CPU.ActiveCfg = Debug|Any CPU
		{91825A62-676A-4ACA-95D6-5B61D71B455B}.DVD-5|Any CPU.Build.0 = Debug|Any CPU
		{91825A62-676A-4ACA-95D6-5B61D71B455B}.DVD-5|Mixed Platforms.ActiveCfg = Debug|Any CPU
		{91825A62-676A-4ACA-95D6-5B61D71B455B}.DVD-5|Mixed Platforms.Build.0 = Debug|Any CPU
		{91825A62-676A-4ACA-95D6-5B61D71B455B}.DVD-5|x86.ActiveCfg = Debug|Any CPU
		{91825A62-676A-4ACA-95D6-5B61D71B455B}.NNV|Any CPU.ActiveCfg = NNV|Any CPU
		{91825A62-676A-4ACA-95D6-5B61D71B455B}.NNV|Any CPU.Build.0 = NNV|Any CPU
		{91825A62-676A-4ACA-95D6-5B61D71B455B}.NNV|Mixed Platforms.ActiveCfg = NNV|Any CPU
		{91825A62-676A-4ACA-95D6-5B61D71B455B}.NNV|Mixed Platforms.Build.0 = NNV|Any CPU
		{91825A62-676A-4ACA-95D6-5B61D71B455B}.NNV|x86.ActiveCfg = NNV|Any CPU
		{91825A62-676A-4ACA-95D6-5B61D71B455B}.NNV|x86.Build.0 = NNV|Any CPU
		{91825A62-676A-4ACA-95D6-5B61D71B455B}.NV|Any CPU.ActiveCfg = NV|Any CPU
		{91825A62-676A-4ACA-95D6-5B61D71B455B}.NV|Any CPU.Build.0 = NV|Any CPU
		{91825A62-676A-4ACA-95D6-5B61D71B455B}.NV|Mixed Platforms.ActiveCfg = NV|Any CPU
		{91825A62-676A-4ACA-95D6-5B61D71B455B}.NV|Mixed Platforms.Build.0 = NV|Any CPU
		{91825A62-676A-4ACA-95D6-5B61D71B455B}.NV|x86.ActiveCfg = NV|Any CPU
		{91825A62-676A-4ACA-95D6-5B61D71B455B}.NV|x86.Build.0 = NV|Any CPU
		{91825A62-676A-4ACA-95D6-5B61D71B455B}.Release|Any CPU.ActiveCfg = Release|Any CPU
		{91825A62-676A-4ACA-95D6-5B61D71B455B}.Release|Any CPU.Build.0 = Release|Any CPU
		{91825A62-676A-4ACA-95D6-5B61D71B455B}.Release|Mixed Platforms.ActiveCfg = Release|Any CPU
		{91825A62-676A-4ACA-95D6-5B61D71B455B}.Release|Mixed Platforms.Build.0 = Release|Any CPU
		{91825A62-676A-4ACA-95D6-5B61D71B455B}.Release|x86.ActiveCfg = Release|Any CPU
		{91825A62-676A-4ACA-95D6-5B61D71B455B}.SingleImage|Any CPU.ActiveCfg = Release|Any CPU
		{91825A62-676A-4ACA-95D6-5B61D71B455B}.SingleImage|Any CPU.Build.0 = Release|Any CPU
		{91825A62-676A-4ACA-95D6-5B61D71B455B}.SingleImage|Mixed Platforms.ActiveCfg = Release|Any CPU
		{91825A62-676A-4ACA-95D6-5B61D71B455B}.SingleImage|Mixed Platforms.Build.0 = Release|Any CPU
		{91825A62-676A-4ACA-95D6-5B61D71B455B}.SingleImage|x86.ActiveCfg = Release|Any CPU
		{4362231A-44EE-4AEC-9726-4789A322D23C}.CD_ROM|Any CPU.ActiveCfg = Release|Any CPU
		{4362231A-44EE-4AEC-9726-4789A322D23C}.CD_ROM|Any CPU.Build.0 = Release|Any CPU
		{4362231A-44EE-4AEC-9726-4789A322D23C}.CD_ROM|Mixed Platforms.ActiveCfg = Release|Any CPU
		{4362231A-44EE-4AEC-9726-4789A322D23C}.CD_ROM|Mixed Platforms.Build.0 = Release|Any CPU
		{4362231A-44EE-4AEC-9726-4789A322D23C}.CD_ROM|x86.ActiveCfg = Release|Any CPU
		{4362231A-44EE-4AEC-9726-4789A322D23C}.CD_ROM|x86.Build.0 = Release|Any CPU
		{4362231A-44EE-4AEC-9726-4789A322D23C}.Debug|Any CPU.ActiveCfg = Debug|Any CPU
		{4362231A-44EE-4AEC-9726-4789A322D23C}.Debug|Any CPU.Build.0 = Debug|Any CPU
		{4362231A-44EE-4AEC-9726-4789A322D23C}.Debug|Mixed Platforms.ActiveCfg = Debug|Any CPU
		{4362231A-44EE-4AEC-9726-4789A322D23C}.Debug|Mixed Platforms.Build.0 = Debug|Any CPU
		{4362231A-44EE-4AEC-9726-4789A322D23C}.Debug|x86.ActiveCfg = Debug|Any CPU
		{4362231A-44EE-4AEC-9726-4789A322D23C}.Debug|x86.Build.0 = Debug|Any CPU
		{4362231A-44EE-4AEC-9726-4789A322D23C}.DVD-5|Any CPU.ActiveCfg = Debug|Any CPU
		{4362231A-44EE-4AEC-9726-4789A322D23C}.DVD-5|Any CPU.Build.0 = Debug|Any CPU
		{4362231A-44EE-4AEC-9726-4789A322D23C}.DVD-5|Mixed Platforms.ActiveCfg = Debug|Any CPU
		{4362231A-44EE-4AEC-9726-4789A322D23C}.DVD-5|Mixed Platforms.Build.0 = Debug|Any CPU
		{4362231A-44EE-4AEC-9726-4789A322D23C}.DVD-5|x86.ActiveCfg = Debug|Any CPU
		{4362231A-44EE-4AEC-9726-4789A322D23C}.DVD-5|x86.Build.0 = Debug|Any CPU
		{4362231A-44EE-4AEC-9726-4789A322D23C}.NNV|Any CPU.ActiveCfg = NNV|Any CPU
		{4362231A-44EE-4AEC-9726-4789A322D23C}.NNV|Any CPU.Build.0 = NNV|Any CPU
		{4362231A-44EE-4AEC-9726-4789A322D23C}.NNV|Mixed Platforms.ActiveCfg = NNV|Any CPU
		{4362231A-44EE-4AEC-9726-4789A322D23C}.NNV|Mixed Platforms.Build.0 = NNV|Any CPU
		{4362231A-44EE-4AEC-9726-4789A322D23C}.NNV|x86.ActiveCfg = NNV|Any CPU
		{4362231A-44EE-4AEC-9726-4789A322D23C}.NNV|x86.Build.0 = NNV|Any CPU
		{4362231A-44EE-4AEC-9726-4789A322D23C}.NV|Any CPU.ActiveCfg = NV|Any CPU
		{4362231A-44EE-4AEC-9726-4789A322D23C}.NV|Any CPU.Build.0 = NV|Any CPU
		{4362231A-44EE-4AEC-9726-4789A322D23C}.NV|Mixed Platforms.ActiveCfg = NV|Any CPU
		{4362231A-44EE-4AEC-9726-4789A322D23C}.NV|Mixed Platforms.Build.0 = NV|Any CPU
		{4362231A-44EE-4AEC-9726-4789A322D23C}.NV|x86.ActiveCfg = NV|Any CPU
		{4362231A-44EE-4AEC-9726-4789A322D23C}.NV|x86.Build.0 = NV|Any CPU
		{4362231A-44EE-4AEC-9726-4789A322D23C}.Release|Any CPU.ActiveCfg = Release|Any CPU
		{4362231A-44EE-4AEC-9726-4789A322D23C}.Release|Any CPU.Build.0 = Release|Any CPU
		{4362231A-44EE-4AEC-9726-4789A322D23C}.Release|Mixed Platforms.ActiveCfg = Release|Any CPU
		{4362231A-44EE-4AEC-9726-4789A322D23C}.Release|Mixed Platforms.Build.0 = Release|Any CPU
		{4362231A-44EE-4AEC-9726-4789A322D23C}.Release|x86.ActiveCfg = Release|Any CPU
		{4362231A-44EE-4AEC-9726-4789A322D23C}.Release|x86.Build.0 = Release|Any CPU
		{4362231A-44EE-4AEC-9726-4789A322D23C}.SingleImage|Any CPU.ActiveCfg = Release|Any CPU
		{4362231A-44EE-4AEC-9726-4789A322D23C}.SingleImage|Any CPU.Build.0 = Release|Any CPU
		{4362231A-44EE-4AEC-9726-4789A322D23C}.SingleImage|Mixed Platforms.ActiveCfg = Release|Any CPU
		{4362231A-44EE-4AEC-9726-4789A322D23C}.SingleImage|Mixed Platforms.Build.0 = Release|Any CPU
		{4362231A-44EE-4AEC-9726-4789A322D23C}.SingleImage|x86.ActiveCfg = Release|Any CPU
		{4362231A-44EE-4AEC-9726-4789A322D23C}.SingleImage|x86.Build.0 = Release|Any CPU
		{0F18CEA5-1833-4961-B59E-98557FA6CF42}.CD_ROM|Any CPU.ActiveCfg = Release
		{0F18CEA5-1833-4961-B59E-98557FA6CF42}.CD_ROM|Mixed Platforms.ActiveCfg = Release
		{0F18CEA5-1833-4961-B59E-98557FA6CF42}.CD_ROM|x86.ActiveCfg = Release
		{0F18CEA5-1833-4961-B59E-98557FA6CF42}.Debug|Any CPU.ActiveCfg = Debug
		{0F18CEA5-1833-4961-B59E-98557FA6CF42}.Debug|Mixed Platforms.ActiveCfg = Debug
		{0F18CEA5-1833-4961-B59E-98557FA6CF42}.Debug|x86.ActiveCfg = Debug
		{0F18CEA5-1833-4961-B59E-98557FA6CF42}.DVD-5|Any CPU.ActiveCfg = Debug
		{0F18CEA5-1833-4961-B59E-98557FA6CF42}.DVD-5|Mixed Platforms.ActiveCfg = Debug
		{0F18CEA5-1833-4961-B59E-98557FA6CF42}.DVD-5|x86.ActiveCfg = Debug
		{0F18CEA5-1833-4961-B59E-98557FA6CF42}.NNV|Any CPU.ActiveCfg = Release
		{0F18CEA5-1833-4961-B59E-98557FA6CF42}.NNV|Mixed Platforms.ActiveCfg = Release
		{0F18CEA5-1833-4961-B59E-98557FA6CF42}.NNV|x86.ActiveCfg = Release
		{0F18CEA5-1833-4961-B59E-98557FA6CF42}.NV|Any CPU.ActiveCfg = Release
		{0F18CEA5-1833-4961-B59E-98557FA6CF42}.NV|Mixed Platforms.ActiveCfg = Release
		{0F18CEA5-1833-4961-B59E-98557FA6CF42}.NV|x86.ActiveCfg = Release
		{0F18CEA5-1833-4961-B59E-98557FA6CF42}.Release|Any CPU.ActiveCfg = Release
		{0F18CEA5-1833-4961-B59E-98557FA6CF42}.Release|Mixed Platforms.ActiveCfg = Release
		{0F18CEA5-1833-4961-B59E-98557FA6CF42}.Release|x86.ActiveCfg = Release
		{0F18CEA5-1833-4961-B59E-98557FA6CF42}.SingleImage|Any CPU.ActiveCfg = Release
		{0F18CEA5-1833-4961-B59E-98557FA6CF42}.SingleImage|Mixed Platforms.ActiveCfg = Release
		{0F18CEA5-1833-4961-B59E-98557FA6CF42}.SingleImage|x86.ActiveCfg = Release
		{60C151DF-DC9C-446B-B55C-E42D1733EFBB}.CD_ROM|Any CPU.ActiveCfg = Release
		{60C151DF-DC9C-446B-B55C-E42D1733EFBB}.CD_ROM|Mixed Platforms.ActiveCfg = Release
		{60C151DF-DC9C-446B-B55C-E42D1733EFBB}.CD_ROM|x86.ActiveCfg = Release
		{60C151DF-DC9C-446B-B55C-E42D1733EFBB}.Debug|Any CPU.ActiveCfg = Debug
		{60C151DF-DC9C-446B-B55C-E42D1733EFBB}.Debug|Mixed Platforms.ActiveCfg = Debug
		{60C151DF-DC9C-446B-B55C-E42D1733EFBB}.Debug|x86.ActiveCfg = Debug
		{60C151DF-DC9C-446B-B55C-E42D1733EFBB}.DVD-5|Any CPU.ActiveCfg = Debug
		{60C151DF-DC9C-446B-B55C-E42D1733EFBB}.DVD-5|Mixed Platforms.ActiveCfg = Debug
		{60C151DF-DC9C-446B-B55C-E42D1733EFBB}.DVD-5|x86.ActiveCfg = Debug
		{60C151DF-DC9C-446B-B55C-E42D1733EFBB}.NNV|Any CPU.ActiveCfg = Release
		{60C151DF-DC9C-446B-B55C-E42D1733EFBB}.NNV|Mixed Platforms.ActiveCfg = Release
		{60C151DF-DC9C-446B-B55C-E42D1733EFBB}.NNV|x86.ActiveCfg = Release
		{60C151DF-DC9C-446B-B55C-E42D1733EFBB}.NV|Any CPU.ActiveCfg = Release
		{60C151DF-DC9C-446B-B55C-E42D1733EFBB}.NV|Mixed Platforms.ActiveCfg = Release
		{60C151DF-DC9C-446B-B55C-E42D1733EFBB}.NV|x86.ActiveCfg = Release
		{60C151DF-DC9C-446B-B55C-E42D1733EFBB}.Release|Any CPU.ActiveCfg = Release
		{60C151DF-DC9C-446B-B55C-E42D1733EFBB}.Release|Mixed Platforms.ActiveCfg = Release
		{60C151DF-DC9C-446B-B55C-E42D1733EFBB}.Release|x86.ActiveCfg = Release
		{60C151DF-DC9C-446B-B55C-E42D1733EFBB}.SingleImage|Any CPU.ActiveCfg = Release
		{60C151DF-DC9C-446B-B55C-E42D1733EFBB}.SingleImage|Mixed Platforms.ActiveCfg = Release
		{60C151DF-DC9C-446B-B55C-E42D1733EFBB}.SingleImage|x86.ActiveCfg = Release
	EndGlobalSection
	GlobalSection(SolutionProperties) = preSolution
		HideSolutionNode = FALSE
	EndGlobalSection
	GlobalSection(ExtensibilityGlobals) = postSolution
		SolutionGuid = {CB34FD6D-E34C-49A4-AF03-673F3CB287A2}
	EndGlobalSection
EndGlobal
