
Microsoft Visual Studio Solution File, Format Version 12.00
# Visual Studio 14
VisualStudioVersion = 14.0.25420.1
MinimumVisualStudioVersion = 10.0.40219.1
Project("{FAE04EC0-301F-11D3-BF4B-00C04F79EFBC}") = "SSES_Program", "SSES_Program\SSES_Program.csproj", "{29507F5D-11E8-4754-849A-A758049BFBEE}"
EndProject
Project("{FAE04EC0-301F-11D3-BF4B-00C04F79EFBC}") = "DeviceAgents", "DeviceAgents\DeviceAgents.csproj", "{7E97CD59-6EB0-4C59-B436-9A92ECC6B6C6}"
EndProject
Project("{FAE04EC0-301F-11D3-BF4B-00C04F79EFBC}") = "EnergySolutions", "EnergySolutions\EnergySolutions.csproj", "{F9178BE8-E8E3-4A56-A1D7-8E846B980643}"
EndProject
Project("{54435603-DBB4-11D2-8724-00A0C9A8B90C}") = "SSES_Beta1.1.0_Setup", "SSES_Setup\SSES_Setup.vdproj", "{0D7F96A6-13DD-41CB-B07C-0A7016DD82DC}"
EndProject
Project("{6141683F-8A12-4E36-9623-2EB02B2C2303}") = "SSES_Setup2", "SSES_Setup2\SSES_Setup2.isproj", "{30744A25-68CF-4BDE-BB93-D97A19F1453C}"
EndProject
Project("{FAE04EC0-301F-11D3-BF4B-00C04F79EFBC}") = "UpdateCreater", "UpdateCreater\UpdateCreater.csproj", "{0B38AED7-F99E-492A-BBD5-EBA98C194E16}"
EndProject
Project("{FAE04EC0-301F-11D3-BF4B-00C04F79EFBC}") = "ClientUpdater", "ClientUpdater\ClientUpdater.csproj", "{91825A62-676A-4ACA-95D6-5B61D71B455B}"
EndProject
Project("{54435603-DBB4-11D2-8724-00A0C9A8B90C}") = "SSES_Beta1.2.1_Setup", "SSES_Beta1.2.0_Setup\SSES_Beta1.2.0_Setup.vdproj", "{D4BE5373-36F6-4C60-AA24-9F7830F42ED5}"
EndProject
Project("{54435603-DBB4-11D2-8724-00A0C9A8B90C}") = "SSESVG_Beta1.2.1_Setup", "SSESVG_Beta1.2.1_Setup\SSESVG_Beta1.2.1_Setup.vdproj", "{27D7138C-A65D-4451-9450-7F52967B8A44}"
EndProject
Project("{54435603-DBB4-11D2-8724-00A0C9A8B90C}") = "GreenLock_nnv_1.0", "GreenLock_nnv_1.0\GreenLock_nnv_1.0.vdproj", "{1A009E0F-A458-4EE3-BBFC-A20C372ED0CD}"
EndProject
Project("{54435603-DBB4-11D2-8724-00A0C9A8B90C}") = "GreenLockUpdater_v1.0", "GreenLockUpdater_v1.0\GreenLockUpdater_v1.0.vdproj", "{679E3B96-A7B4-4D30-BAC7-3A1D4D5C3E43}"
EndProject
Global
	GlobalSection(SolutionConfigurationPlatforms) = preSolution
		CD_ROM|Any CPU = CD_ROM|Any CPU
		CD_ROM|Mixed Platforms = CD_ROM|Mixed Platforms
		CD_ROM|x86 = CD_ROM|x86
		Debug|Any CPU = Debug|Any CPU
		Debug|Mixed Platforms = Debug|Mixed Platforms
		Debug|x86 = Debug|x86
		DVD-5|Any CPU = DVD-5|Any CPU
		DVD-5|Mixed Platforms = DVD-5|Mixed Platforms
		DVD-5|x86 = DVD-5|x86
		Release|Any CPU = Release|Any CPU
		Release|Mixed Platforms = Release|Mixed Platforms
		Release|x86 = Release|x86
		SingleImage|Any CPU = SingleImage|Any CPU
		SingleImage|Mixed Platforms = SingleImage|Mixed Platforms
		SingleImage|x86 = SingleImage|x86
	EndGlobalSection
	GlobalSection(ProjectConfigurationPlatforms) = postSolution
		{29507F5D-11E8-4754-849A-A758049BFBEE}.CD_ROM|Any CPU.ActiveCfg = Release|Any CPU
		{29507F5D-11E8-4754-849A-A758049BFBEE}.CD_ROM|Any CPU.Build.0 = Release|Any CPU
		{29507F5D-11E8-4754-849A-A758049BFBEE}.CD_ROM|Mixed Platforms.ActiveCfg = Release|Any CPU
		{29507F5D-11E8-4754-849A-A758049BFBEE}.CD_ROM|Mixed Platforms.Build.0 = Release|Any CPU
		{29507F5D-11E8-4754-849A-A758049BFBEE}.CD_ROM|x86.ActiveCfg = Release|Any CPU
		{29507F5D-11E8-4754-849A-A758049BFBEE}.Debug|Any CPU.ActiveCfg = Debug|Any CPU
		{29507F5D-11E8-4754-849A-A758049BFBEE}.Debug|Any CPU.Build.0 = Debug|Any CPU
		{29507F5D-11E8-4754-849A-A758049BFBEE}.Debug|Mixed Platforms.ActiveCfg = Debug|Any CPU
		{29507F5D-11E8-4754-849A-A758049BFBEE}.Debug|Mixed Platforms.Build.0 = Debug|Any CPU
		{29507F5D-11E8-4754-849A-A758049BFBEE}.Debug|x86.ActiveCfg = Debug|Any CPU
		{29507F5D-11E8-4754-849A-A758049BFBEE}.DVD-5|Any CPU.ActiveCfg = Debug|Any CPU
		{29507F5D-11E8-4754-849A-A758049BFBEE}.DVD-5|Any CPU.Build.0 = Debug|Any CPU
		{29507F5D-11E8-4754-849A-A758049BFBEE}.DVD-5|Mixed Platforms.ActiveCfg = Debug|Any CPU
		{29507F5D-11E8-4754-849A-A758049BFBEE}.DVD-5|Mixed Platforms.Build.0 = Debug|Any CPU
		{29507F5D-11E8-4754-849A-A758049BFBEE}.DVD-5|x86.ActiveCfg = Debug|Any CPU
		{29507F5D-11E8-4754-849A-A758049BFBEE}.Release|Any CPU.ActiveCfg = Release|Any CPU
		{29507F5D-11E8-4754-849A-A758049BFBEE}.Release|Any CPU.Build.0 = Release|Any CPU
		{29507F5D-11E8-4754-849A-A758049BFBEE}.Release|Mixed Platforms.ActiveCfg = Release|Any CPU
		{29507F5D-11E8-4754-849A-A758049BFBEE}.Release|Mixed Platforms.Build.0 = Release|Any CPU
		{29507F5D-11E8-4754-849A-A758049BFBEE}.Release|x86.ActiveCfg = Release|Any CPU
		{29507F5D-11E8-4754-849A-A758049BFBEE}.SingleImage|Any CPU.ActiveCfg = Release|Any CPU
		{29507F5D-11E8-4754-849A-A758049BFBEE}.SingleImage|Any CPU.Build.0 = Release|Any CPU
		{29507F5D-11E8-4754-849A-A758049BFBEE}.SingleImage|Mixed Platforms.ActiveCfg = Release|Any CPU
		{29507F5D-11E8-4754-849A-A758049BFBEE}.SingleImage|Mixed Platforms.Build.0 = Release|Any CPU
		{29507F5D-11E8-4754-849A-A758049BFBEE}.SingleImage|x86.ActiveCfg = Release|Any CPU
		{7E97CD59-6EB0-4C59-B436-9A92ECC6B6C6}.CD_ROM|Any CPU.ActiveCfg = Release|Any CPU
		{7E97CD59-6EB0-4C59-B436-9A92ECC6B6C6}.CD_ROM|Any CPU.Build.0 = Release|Any CPU
		{7E97CD59-6EB0-4C59-B436-9A92ECC6B6C6}.CD_ROM|Mixed Platforms.ActiveCfg = Release|Any CPU
		{7E97CD59-6EB0-4C59-B436-9A92ECC6B6C6}.CD_ROM|Mixed Platforms.Build.0 = Release|Any CPU
		{7E97CD59-6EB0-4C59-B436-9A92ECC6B6C6}.CD_ROM|x86.ActiveCfg = Release|Any CPU
		{7E97CD59-6EB0-4C59-B436-9A92ECC6B6C6}.Debug|Any CPU.ActiveCfg = Debug|Any CPU
		{7E97CD59-6EB0-4C59-B436-9A92ECC6B6C6}.Debug|Any CPU.Build.0 = Debug|Any CPU
		{7E97CD59-6EB0-4C59-B436-9A92ECC6B6C6}.Debug|Mixed Platforms.ActiveCfg = Debug|Any CPU
		{7E97CD59-6EB0-4C59-B436-9A92ECC6B6C6}.Debug|Mixed Platforms.Build.0 = Debug|Any CPU
		{7E97CD59-6EB0-4C59-B436-9A92ECC6B6C6}.Debug|x86.ActiveCfg = Debug|Any CPU
		{7E97CD59-6EB0-4C59-B436-9A92ECC6B6C6}.DVD-5|Any CPU.ActiveCfg = Debug|Any CPU
		{7E97CD59-6EB0-4C59-B436-9A92ECC6B6C6}.DVD-5|Any CPU.Build.0 = Debug|Any CPU
		{7E97CD59-6EB0-4C59-B436-9A92ECC6B6C6}.DVD-5|Mixed Platforms.ActiveCfg = Debug|Any CPU
		{7E97CD59-6EB0-4C59-B436-9A92ECC6B6C6}.DVD-5|Mixed Platforms.Build.0 = Debug|Any CPU
		{7E97CD59-6EB0-4C59-B436-9A92ECC6B6C6}.DVD-5|x86.ActiveCfg = Debug|Any CPU
		{7E97CD59-6EB0-4C59-B436-9A92ECC6B6C6}.Release|Any CPU.ActiveCfg = Release|Any CPU
		{7E97CD59-6EB0-4C59-B436-9A92ECC6B6C6}.Release|Any CPU.Build.0 = Release|Any CPU
		{7E97CD59-6EB0-4C59-B436-9A92ECC6B6C6}.Release|Mixed Platforms.ActiveCfg = Release|Any CPU
		{7E97CD59-6EB0-4C59-B436-9A92ECC6B6C6}.Release|Mixed Platforms.Build.0 = Release|Any CPU
		{7E97CD59-6EB0-4C59-B436-9A92ECC6B6C6}.Release|x86.ActiveCfg = Release|Any CPU
		{7E97CD59-6EB0-4C59-B436-9A92ECC6B6C6}.SingleImage|Any CPU.ActiveCfg = Release|Any CPU
		{7E97CD59-6EB0-4C59-B436-9A92ECC6B6C6}.SingleImage|Any CPU.Build.0 = Release|Any CPU
		{7E97CD59-6EB0-4C59-B436-9A92ECC6B6C6}.SingleImage|Mixed Platforms.ActiveCfg = Release|Any CPU
		{7E97CD59-6EB0-4C59-B436-9A92ECC6B6C6}.SingleImage|Mixed Platforms.Build.0 = Release|Any CPU
		{7E97CD59-6EB0-4C59-B436-9A92ECC6B6C6}.SingleImage|x86.ActiveCfg = Release|Any CPU
		{F9178BE8-E8E3-4A56-A1D7-8E846B980643}.CD_ROM|Any CPU.ActiveCfg = Release|Any CPU
		{F9178BE8-E8E3-4A56-A1D7-8E846B980643}.CD_ROM|Any CPU.Build.0 = Release|Any CPU
		{F9178BE8-E8E3-4A56-A1D7-8E846B980643}.CD_ROM|Mixed Platforms.ActiveCfg = Release|Any CPU
		{F9178BE8-E8E3-4A56-A1D7-8E846B980643}.CD_ROM|Mixed Platforms.Build.0 = Release|Any CPU
		{F9178BE8-E8E3-4A56-A1D7-8E846B980643}.CD_ROM|x86.ActiveCfg = Release|Any CPU
		{F9178BE8-E8E3-4A56-A1D7-8E846B980643}.Debug|Any CPU.ActiveCfg = Debug|Any CPU
		{F9178BE8-E8E3-4A56-A1D7-8E846B980643}.Debug|Any CPU.Build.0 = Debug|Any CPU
		{F9178BE8-E8E3-4A56-A1D7-8E846B980643}.Debug|Mixed Platforms.ActiveCfg = Debug|Any CPU
		{F9178BE8-E8E3-4A56-A1D7-8E846B980643}.Debug|Mixed Platforms.Build.0 = Debug|Any CPU
		{F9178BE8-E8E3-4A56-A1D7-8E846B980643}.Debug|x86.ActiveCfg = Debug|Any CPU
		{F9178BE8-E8E3-4A56-A1D7-8E846B980643}.DVD-5|Any CPU.ActiveCfg = Debug|Any CPU
		{F9178BE8-E8E3-4A56-A1D7-8E846B980643}.DVD-5|Any CPU.Build.0 = Debug|Any CPU
		{F9178BE8-E8E3-4A56-A1D7-8E846B980643}.DVD-5|Mixed Platforms.ActiveCfg = Debug|Any CPU
		{F9178BE8-E8E3-4A56-A1D7-8E846B980643}.DVD-5|Mixed Platforms.Build.0 = Debug|Any CPU
		{F9178BE8-E8E3-4A56-A1D7-8E846B980643}.DVD-5|x86.ActiveCfg = Debug|Any CPU
		{F9178BE8-E8E3-4A56-A1D7-8E846B980643}.Release|Any CPU.ActiveCfg = Release|Any CPU
		{F9178BE8-E8E3-4A56-A1D7-8E846B980643}.Release|Any CPU.Build.0 = Release|Any CPU
		{F9178BE8-E8E3-4A56-A1D7-8E846B980643}.Release|Mixed Platforms.ActiveCfg = Release|Any CPU
		{F9178BE8-E8E3-4A56-A1D7-8E846B980643}.Release|Mixed Platforms.Build.0 = Release|Any CPU
		{F9178BE8-E8E3-4A56-A1D7-8E846B980643}.Release|x86.ActiveCfg = Release|Any CPU
		{F9178BE8-E8E3-4A56-A1D7-8E846B980643}.SingleImage|Any CPU.ActiveCfg = Release|Any CPU
		{F9178BE8-E8E3-4A56-A1D7-8E846B980643}.SingleImage|Any CPU.Build.0 = Release|Any CPU
		{F9178BE8-E8E3-4A56-A1D7-8E846B980643}.SingleImage|Mixed Platforms.ActiveCfg = Release|Any CPU
		{F9178BE8-E8E3-4A56-A1D7-8E846B980643}.SingleImage|Mixed Platforms.Build.0 = Release|Any CPU
		{F9178BE8-E8E3-4A56-A1D7-8E846B980643}.SingleImage|x86.ActiveCfg = Release|Any CPU
		{0D7F96A6-13DD-41CB-B07C-0A7016DD82DC}.CD_ROM|Any CPU.ActiveCfg = Release
		{0D7F96A6-13DD-41CB-B07C-0A7016DD82DC}.CD_ROM|Mixed Platforms.ActiveCfg = Release
		{0D7F96A6-13DD-41CB-B07C-0A7016DD82DC}.CD_ROM|x86.ActiveCfg = Release
		{0D7F96A6-13DD-41CB-B07C-0A7016DD82DC}.Debug|Any CPU.ActiveCfg = Debug
		{0D7F96A6-13DD-41CB-B07C-0A7016DD82DC}.Debug|Mixed Platforms.ActiveCfg = Debug
		{0D7F96A6-13DD-41CB-B07C-0A7016DD82DC}.Debug|x86.ActiveCfg = Debug
		{0D7F96A6-13DD-41CB-B07C-0A7016DD82DC}.DVD-5|Any CPU.ActiveCfg = Debug
		{0D7F96A6-13DD-41CB-B07C-0A7016DD82DC}.DVD-5|Mixed Platforms.ActiveCfg = Debug
		{0D7F96A6-13DD-41CB-B07C-0A7016DD82DC}.DVD-5|x86.ActiveCfg = Debug
		{0D7F96A6-13DD-41CB-B07C-0A7016DD82DC}.Release|Any CPU.ActiveCfg = Release
		{0D7F96A6-13DD-41CB-B07C-0A7016DD82DC}.Release|Mixed Platforms.ActiveCfg = Release
		{0D7F96A6-13DD-41CB-B07C-0A7016DD82DC}.Release|x86.ActiveCfg = Release
		{0D7F96A6-13DD-41CB-B07C-0A7016DD82DC}.SingleImage|Any CPU.ActiveCfg = Release
		{0D7F96A6-13DD-41CB-B07C-0A7016DD82DC}.SingleImage|Mixed Platforms.ActiveCfg = Release
		{0D7F96A6-13DD-41CB-B07C-0A7016DD82DC}.SingleImage|x86.ActiveCfg = Release
		{30744A25-68CF-4BDE-BB93-D97A19F1453C}.CD_ROM|Any CPU.ActiveCfg = CD_ROM
		{30744A25-68CF-4BDE-BB93-D97A19F1453C}.CD_ROM|Any CPU.Build.0 = CD_ROM
		{30744A25-68CF-4BDE-BB93-D97A19F1453C}.CD_ROM|Mixed Platforms.ActiveCfg = CD_ROM
		{30744A25-68CF-4BDE-BB93-D97A19F1453C}.CD_ROM|Mixed Platforms.Build.0 = CD_ROM
		{30744A25-68CF-4BDE-BB93-D97A19F1453C}.CD_ROM|x86.ActiveCfg = CD_ROM
		{30744A25-68CF-4BDE-BB93-D97A19F1453C}.CD_ROM|x86.Build.0 = CD_ROM
		{30744A25-68CF-4BDE-BB93-D97A19F1453C}.Debug|Any CPU.ActiveCfg = DVD-5
		{30744A25-68CF-4BDE-BB93-D97A19F1453C}.Debug|Any CPU.Build.0 = DVD-5
		{30744A25-68CF-4BDE-BB93-D97A19F1453C}.Debug|Mixed Platforms.ActiveCfg = DVD-5
		{30744A25-68CF-4BDE-BB93-D97A19F1453C}.Debug|Mixed Platforms.Build.0 = DVD-5
		{30744A25-68CF-4BDE-BB93-D97A19F1453C}.Debug|x86.ActiveCfg = DVD-5
		{30744A25-68CF-4BDE-BB93-D97A19F1453C}.Debug|x86.Build.0 = DVD-5
		{30744A25-68CF-4BDE-BB93-D97A19F1453C}.DVD-5|Any CPU.ActiveCfg = DVD-5
		{30744A25-68CF-4BDE-BB93-D97A19F1453C}.DVD-5|Any CPU.Build.0 = DVD-5
		{30744A25-68CF-4BDE-BB93-D97A19F1453C}.DVD-5|Mixed Platforms.ActiveCfg = DVD-5
		{30744A25-68CF-4BDE-BB93-D97A19F1453C}.DVD-5|Mixed Platforms.Build.0 = DVD-5
		{30744A25-68CF-4BDE-BB93-D97A19F1453C}.DVD-5|x86.ActiveCfg = DVD-5
		{30744A25-68CF-4BDE-BB93-D97A19F1453C}.DVD-5|x86.Build.0 = DVD-5
		{30744A25-68CF-4BDE-BB93-D97A19F1453C}.Release|Any CPU.ActiveCfg = SingleImage
		{30744A25-68CF-4BDE-BB93-D97A19F1453C}.Release|Any CPU.Build.0 = SingleImage
		{30744A25-68CF-4BDE-BB93-D97A19F1453C}.Release|Mixed Platforms.ActiveCfg = SingleImage
		{30744A25-68CF-4BDE-BB93-D97A19F1453C}.Release|Mixed Platforms.Build.0 = SingleImage
		{30744A25-68CF-4BDE-BB93-D97A19F1453C}.Release|x86.ActiveCfg = SingleImage
		{30744A25-68CF-4BDE-BB93-D97A19F1453C}.Release|x86.Build.0 = SingleImage
		{30744A25-68CF-4BDE-BB93-D97A19F1453C}.SingleImage|Any CPU.ActiveCfg = SingleImage
		{30744A25-68CF-4BDE-BB93-D97A19F1453C}.SingleImage|Any CPU.Build.0 = SingleImage
		{30744A25-68CF-4BDE-BB93-D97A19F1453C}.SingleImage|Mixed Platforms.ActiveCfg = SingleImage
		{30744A25-68CF-4BDE-BB93-D97A19F1453C}.SingleImage|Mixed Platforms.Build.0 = SingleImage
		{30744A25-68CF-4BDE-BB93-D97A19F1453C}.SingleImage|x86.ActiveCfg = SingleImage
		{30744A25-68CF-4BDE-BB93-D97A19F1453C}.SingleImage|x86.Build.0 = SingleImage
		{0B38AED7-F99E-492A-BBD5-EBA98C194E16}.CD_ROM|Any CPU.ActiveCfg = Release|Any CPU
		{0B38AED7-F99E-492A-BBD5-EBA98C194E16}.CD_ROM|Any CPU.Build.0 = Release|Any CPU
		{0B38AED7-F99E-492A-BBD5-EBA98C194E16}.CD_ROM|Mixed Platforms.ActiveCfg = Release|Any CPU
		{0B38AED7-F99E-492A-BBD5-EBA98C194E16}.CD_ROM|Mixed Platforms.Build.0 = Release|Any CPU
		{0B38AED7-F99E-492A-BBD5-EBA98C194E16}.CD_ROM|x86.ActiveCfg = Release|Any CPU
		{0B38AED7-F99E-492A-BBD5-EBA98C194E16}.Debug|Any CPU.ActiveCfg = Debug|Any CPU
		{0B38AED7-F99E-492A-BBD5-EBA98C194E16}.Debug|Any CPU.Build.0 = Debug|Any CPU
		{0B38AED7-F99E-492A-BBD5-EBA98C194E16}.Debug|Mixed Platforms.ActiveCfg = Debug|Any CPU
		{0B38AED7-F99E-492A-BBD5-EBA98C194E16}.Debug|Mixed Platforms.Build.0 = Debug|Any CPU
		{0B38AED7-F99E-492A-BBD5-EBA98C194E16}.Debug|x86.ActiveCfg = Debug|Any CPU
		{0B38AED7-F99E-492A-BBD5-EBA98C194E16}.DVD-5|Any CPU.ActiveCfg = Debug|Any CPU
		{0B38AED7-F99E-492A-BBD5-EBA98C194E16}.DVD-5|Any CPU.Build.0 = Debug|Any CPU
		{0B38AED7-F99E-492A-BBD5-EBA98C194E16}.DVD-5|Mixed Platforms.ActiveCfg = Debug|Any CPU
		{0B38AED7-F99E-492A-BBD5-EBA98C194E16}.DVD-5|Mixed Platforms.Build.0 = Debug|Any CPU
		{0B38AED7-F99E-492A-BBD5-EBA98C194E16}.DVD-5|x86.ActiveCfg = Debug|Any CPU
		{0B38AED7-F99E-492A-BBD5-EBA98C194E16}.Release|Any CPU.ActiveCfg = Release|Any CPU
		{0B38AED7-F99E-492A-BBD5-EBA98C194E16}.Release|Any CPU.Build.0 = Release|Any CPU
		{0B38AED7-F99E-492A-BBD5-EBA98C194E16}.Release|Mixed Platforms.ActiveCfg = Release|Any CPU
		{0B38AED7-F99E-492A-BBD5-EBA98C194E16}.Release|Mixed Platforms.Build.0 = Release|Any CPU
		{0B38AED7-F99E-492A-BBD5-EBA98C194E16}.Release|x86.ActiveCfg = Release|Any CPU
		{0B38AED7-F99E-492A-BBD5-EBA98C194E16}.SingleImage|Any CPU.ActiveCfg = Release|Any CPU
		{0B38AED7-F99E-492A-BBD5-EBA98C194E16}.SingleImage|Any CPU.Build.0 = Release|Any CPU
		{0B38AED7-F99E-492A-BBD5-EBA98C194E16}.SingleImage|Mixed Platforms.ActiveCfg = Release|Any CPU
		{0B38AED7-F99E-492A-BBD5-EBA98C194E16}.SingleImage|Mixed Platforms.Build.0 = Release|Any CPU
		{0B38AED7-F99E-492A-BBD5-EBA98C194E16}.SingleImage|x86.ActiveCfg = Release|Any CPU
		{91825A62-676A-4ACA-95D6-5B61D71B455B}.CD_ROM|Any CPU.ActiveCfg = Release|Any CPU
		{91825A62-676A-4ACA-95D6-5B61D71B455B}.CD_ROM|Any CPU.Build.0 = Release|Any CPU
		{91825A62-676A-4ACA-95D6-5B61D71B455B}.CD_ROM|Mixed Platforms.ActiveCfg = Release|Any CPU
		{91825A62-676A-4ACA-95D6-5B61D71B455B}.CD_ROM|Mixed Platforms.Build.0 = Release|Any CPU
		{91825A62-676A-4ACA-95D6-5B61D71B455B}.CD_ROM|x86.ActiveCfg = Release|Any CPU
		{91825A62-676A-4ACA-95D6-5B61D71B455B}.Debug|Any CPU.ActiveCfg = Debug|Any CPU
		{91825A62-676A-4ACA-95D6-5B61D71B455B}.Debug|Any CPU.Build.0 = Debug|Any CPU
		{91825A62-676A-4ACA-95D6-5B61D71B455B}.Debug|Mixed Platforms.ActiveCfg = Debug|Any CPU
		{91825A62-676A-4ACA-95D6-5B61D71B455B}.Debug|Mixed Platforms.Build.0 = Debug|Any CPU
		{91825A62-676A-4ACA-95D6-5B61D71B455B}.Debug|x86.ActiveCfg = Debug|Any CPU
		{91825A62-676A-4ACA-95D6-5B61D71B455B}.DVD-5|Any CPU.ActiveCfg = Debug|Any CPU
		{91825A62-676A-4ACA-95D6-5B61D71B455B}.DVD-5|Any CPU.Build.0 = Debug|Any CPU
		{91825A62-676A-4ACA-95D6-5B61D71B455B}.DVD-5|Mixed Platforms.ActiveCfg = Debug|Any CPU
		{91825A62-676A-4ACA-95D6-5B61D71B455B}.DVD-5|Mixed Platforms.Build.0 = Debug|Any CPU
		{91825A62-676A-4ACA-95D6-5B61D71B455B}.DVD-5|x86.ActiveCfg = Debug|Any CPU
		{91825A62-676A-4ACA-95D6-5B61D71B455B}.Release|Any CPU.ActiveCfg = Release|Any CPU
		{91825A62-676A-4ACA-95D6-5B61D71B455B}.Release|Any CPU.Build.0 = Release|Any CPU
		{91825A62-676A-4ACA-95D6-5B61D71B455B}.Release|Mixed Platforms.ActiveCfg = Release|Any CPU
		{91825A62-676A-4ACA-95D6-5B61D71B455B}.Release|Mixed Platforms.Build.0 = Release|Any CPU
		{91825A62-676A-4ACA-95D6-5B61D71B455B}.Release|x86.ActiveCfg = Release|Any CPU
		{91825A62-676A-4ACA-95D6-5B61D71B455B}.SingleImage|Any CPU.ActiveCfg = Release|Any CPU
		{91825A62-676A-4ACA-95D6-5B61D71B455B}.SingleImage|Any CPU.Build.0 = Release|Any CPU
		{91825A62-676A-4ACA-95D6-5B61D71B455B}.SingleImage|Mixed Platforms.ActiveCfg = Release|Any CPU
		{91825A62-676A-4ACA-95D6-5B61D71B455B}.SingleImage|Mixed Platforms.Build.0 = Release|Any CPU
		{91825A62-676A-4ACA-95D6-5B61D71B455B}.SingleImage|x86.ActiveCfg = Release|Any CPU
		{D4BE5373-36F6-4C60-AA24-9F7830F42ED5}.CD_ROM|Any CPU.ActiveCfg = Release
		{D4BE5373-36F6-4C60-AA24-9F7830F42ED5}.CD_ROM|Mixed Platforms.ActiveCfg = Release
		{D4BE5373-36F6-4C60-AA24-9F7830F42ED5}.CD_ROM|x86.ActiveCfg = Release
		{D4BE5373-36F6-4C60-AA24-9F7830F42ED5}.Debug|Any CPU.ActiveCfg = Debug
		{D4BE5373-36F6-4C60-AA24-9F7830F42ED5}.Debug|Mixed Platforms.ActiveCfg = Debug
		{D4BE5373-36F6-4C60-AA24-9F7830F42ED5}.Debug|x86.ActiveCfg = Debug
		{D4BE5373-36F6-4C60-AA24-9F7830F42ED5}.DVD-5|Any CPU.ActiveCfg = Debug
		{D4BE5373-36F6-4C60-AA24-9F7830F42ED5}.DVD-5|Mixed Platforms.ActiveCfg = Debug
		{D4BE5373-36F6-4C60-AA24-9F7830F42ED5}.DVD-5|x86.ActiveCfg = Debug
		{D4BE5373-36F6-4C60-AA24-9F7830F42ED5}.Release|Any CPU.ActiveCfg = Release
		{D4BE5373-36F6-4C60-AA24-9F7830F42ED5}.Release|Mixed Platforms.ActiveCfg = Release
		{D4BE5373-36F6-4C60-AA24-9F7830F42ED5}.Release|x86.ActiveCfg = Release
		{D4BE5373-36F6-4C60-AA24-9F7830F42ED5}.SingleImage|Any CPU.ActiveCfg = Release
		{D4BE5373-36F6-4C60-AA24-9F7830F42ED5}.SingleImage|Mixed Platforms.ActiveCfg = Release
		{D4BE5373-36F6-4C60-AA24-9F7830F42ED5}.SingleImage|x86.ActiveCfg = Release
		{27D7138C-A65D-4451-9450-7F52967B8A44}.CD_ROM|Any CPU.ActiveCfg = Release
		{27D7138C-A65D-4451-9450-7F52967B8A44}.CD_ROM|Mixed Platforms.ActiveCfg = Release
		{27D7138C-A65D-4451-9450-7F52967B8A44}.CD_ROM|x86.ActiveCfg = Release
		{27D7138C-A65D-4451-9450-7F52967B8A44}.Debug|Any CPU.ActiveCfg = Debug
		{27D7138C-A65D-4451-9450-7F52967B8A44}.Debug|Mixed Platforms.ActiveCfg = Debug
		{27D7138C-A65D-4451-9450-7F52967B8A44}.Debug|x86.ActiveCfg = Debug
		{27D7138C-A65D-4451-9450-7F52967B8A44}.DVD-5|Any CPU.ActiveCfg = Debug
		{27D7138C-A65D-4451-9450-7F52967B8A44}.DVD-5|Mixed Platforms.ActiveCfg = Debug
		{27D7138C-A65D-4451-9450-7F52967B8A44}.DVD-5|x86.ActiveCfg = Debug
		{27D7138C-A65D-4451-9450-7F52967B8A44}.Release|Any CPU.ActiveCfg = Release
		{27D7138C-A65D-4451-9450-7F52967B8A44}.Release|Mixed Platforms.ActiveCfg = Release
		{27D7138C-A65D-4451-9450-7F52967B8A44}.Release|x86.ActiveCfg = Release
		{27D7138C-A65D-4451-9450-7F52967B8A44}.SingleImage|Any CPU.ActiveCfg = Release
		{27D7138C-A65D-4451-9450-7F52967B8A44}.SingleImage|Mixed Platforms.ActiveCfg = Release
		{27D7138C-A65D-4451-9450-7F52967B8A44}.SingleImage|x86.ActiveCfg = Release
		{1A009E0F-A458-4EE3-BBFC-A20C372ED0CD}.CD_ROM|Any CPU.ActiveCfg = Release
		{1A009E0F-A458-4EE3-BBFC-A20C372ED0CD}.CD_ROM|Mixed Platforms.ActiveCfg = Release
		{1A009E0F-A458-4EE3-BBFC-A20C372ED0CD}.CD_ROM|x86.ActiveCfg = Release
		{1A009E0F-A458-4EE3-BBFC-A20C372ED0CD}.Debug|Any CPU.ActiveCfg = Debug
		{1A009E0F-A458-4EE3-BBFC-A20C372ED0CD}.Debug|Mixed Platforms.ActiveCfg = Debug
		{1A009E0F-A458-4EE3-BBFC-A20C372ED0CD}.Debug|x86.ActiveCfg = Debug
		{1A009E0F-A458-4EE3-BBFC-A20C372ED0CD}.DVD-5|Any CPU.ActiveCfg = Debug
		{1A009E0F-A458-4EE3-BBFC-A20C372ED0CD}.DVD-5|Mixed Platforms.ActiveCfg = Debug
		{1A009E0F-A458-4EE3-BBFC-A20C372ED0CD}.DVD-5|x86.ActiveCfg = Debug
		{1A009E0F-A458-4EE3-BBFC-A20C372ED0CD}.Release|Any CPU.ActiveCfg = Release
		{1A009E0F-A458-4EE3-BBFC-A20C372ED0CD}.Release|Mixed Platforms.ActiveCfg = Release
		{1A009E0F-A458-4EE3-BBFC-A20C372ED0CD}.Release|x86.ActiveCfg = Release
		{1A009E0F-A458-4EE3-BBFC-A20C372ED0CD}.SingleImage|Any CPU.ActiveCfg = Release
		{1A009E0F-A458-4EE3-BBFC-A20C372ED0CD}.SingleImage|Mixed Platforms.ActiveCfg = Release
		{1A009E0F-A458-4EE3-BBFC-A20C372ED0CD}.SingleImage|x86.ActiveCfg = Release
		{679E3B96-A7B4-4D30-BAC7-3A1D4D5C3E43}.CD_ROM|Any CPU.ActiveCfg = Release
		{679E3B96-A7B4-4D30-BAC7-3A1D4D5C3E43}.CD_ROM|Mixed Platforms.ActiveCfg = Release
		{679E3B96-A7B4-4D30-BAC7-3A1D4D5C3E43}.CD_ROM|x86.ActiveCfg = Release
		{679E3B96-A7B4-4D30-BAC7-3A1D4D5C3E43}.Debug|Any CPU.ActiveCfg = Debug
		{679E3B96-A7B4-4D30-BAC7-3A1D4D5C3E43}.Debug|Mixed Platforms.ActiveCfg = Debug
		{679E3B96-A7B4-4D30-BAC7-3A1D4D5C3E43}.Debug|x86.ActiveCfg = Debug
		{679E3B96-A7B4-4D30-BAC7-3A1D4D5C3E43}.DVD-5|Any CPU.ActiveCfg = Debug
		{679E3B96-A7B4-4D30-BAC7-3A1D4D5C3E43}.DVD-5|Mixed Platforms.ActiveCfg = Debug
		{679E3B96-A7B4-4D30-BAC7-3A1D4D5C3E43}.DVD-5|x86.ActiveCfg = Debug
		{679E3B96-A7B4-4D30-BAC7-3A1D4D5C3E43}.Release|Any CPU.ActiveCfg = Release
		{679E3B96-A7B4-4D30-BAC7-3A1D4D5C3E43}.Release|Mixed Platforms.ActiveCfg = Release
		{679E3B96-A7B4-4D30-BAC7-3A1D4D5C3E43}.Release|x86.ActiveCfg = Release
		{679E3B96-A7B4-4D30-BAC7-3A1D4D5C3E43}.SingleImage|Any CPU.ActiveCfg = Release
		{679E3B96-A7B4-4D30-BAC7-3A1D4D5C3E43}.SingleImage|Mixed Platforms.ActiveCfg = Release
		{679E3B96-A7B4-4D30-BAC7-3A1D4D5C3E43}.SingleImage|x86.ActiveCfg = Release
	EndGlobalSection
	GlobalSection(SolutionProperties) = preSolution
		HideSolutionNode = FALSE
	EndGlobalSection
EndGlobal
